
Microsoft Visual Studio Solution File, Format Version 12.00
# Visual Studio Version 17
VisualStudioVersion = 17.0.31903.59
MinimumVisualStudioVersion = 10.0.40219.1
Project("{FAE04EC0-301F-11D3-BF4B-00C04F79EFBC}") = "Core.Domain", "Core.Domain\Core.Domain.csproj", "{F463D92C-D139-49B1-B837-36A726A3006D}"
EndProject
Project("{FAE04EC0-301F-11D3-BF4B-00C04F79EFBC}") = "Core.Application", "Core.Application\Core.Application.csproj", "{721DB5FB-2088-4646-8267-E29D7FF0F9F2}"
EndProject
Project("{FAE04EC0-301F-11D3-BF4B-00C04F79EFBC}") = "Infrastructure", "Infrastructure\Infrastructure.csproj", "{9EC66CFF-AEAC-4D8C-84ED-8CF8060825A0}"
EndProject
Project("{FAE04EC0-301F-11D3-BF4B-00C04F79EFBC}") = "Web.IdP", "Web.IdP\Web.IdP.csproj", "{597C050A-B5EE-484B-87CC-DA750FACE370}"
EndProject
Project("{FAE04EC0-301F-11D3-BF4B-00C04F79EFBC}") = "Tests.Application.UnitTests", "Tests.Application.UnitTests\Tests.Application.UnitTests.csproj", "{91AD8273-13A9-4A2A-AEA0-94E9D4432F17}"
EndProject
Project("{FAE04EC0-301F-11D3-BF4B-00C04F79EFBC}") = "Tests.Infrastructure.IntegrationTests", "Tests.Infrastructure.IntegrationTests\Tests.Infrastructure.IntegrationTests.csproj", "{7BD7C1B3-3CAD-41D7-A2BD-8C6BB8979344}"
EndProject
Project("{FAE04EC0-301F-11D3-BF4B-00C04F79EFBC}") = "TestClient", "TestClient\TestClient.csproj", "{34E14B97-66FB-48D8-8D53-69C1A1DDED73}"
EndProject
Project("{FAE04EC0-301F-11D3-BF4B-00C04F79EFBC}") = "Tests.Infrastructure.UnitTests", "Tests.Infrastructure.UnitTests\Tests.Infrastructure.UnitTests.csproj", "{728D369E-AFA2-4B35-A37E-9F5CF39068F0}"
EndProject
Project("{FAE04EC0-301F-11D3-BF4B-00C04F79EFBC}") = "Infrastructure.Migrations.SqlServer", "Infrastructure.Migrations.SqlServer\Infrastructure.Migrations.SqlServer.csproj", "{A7053C97-D8E8-4FAC-B522-8F960CBBCE93}"
EndProject
Project("{FAE04EC0-301F-11D3-BF4B-00C04F79EFBC}") = "Infrastructure.Migrations.Postgres", "Infrastructure.Migrations.Postgres\Infrastructure.Migrations.Postgres.csproj", "{8499F8EA-CEBC-4F9B-AEEE-1A000667E966}"
EndProject
Project("{FAE04EC0-301F-11D3-BF4B-00C04F79EFBC}") = "Tests.Web.IdP.UnitTests", "Tests.Web.IdP.UnitTests\Tests.Web.IdP.UnitTests.csproj", "{602A5E88-4F7D-489E-88DA-51DCB4970CCB}"
EndProject
Project("{FAE04EC0-301F-11D3-BF4B-00C04F79EFBC}") = "TestClient.Device", "TestClient.Device\TestClient.Device.csproj", "{3C4EA71B-C644-43D0-9C9C-3253DBD48C0A}"
EndProject
Project("{FAE04EC0-301F-11D3-BF4B-00C04F79EFBC}") = "Tests.SystemTests", "Tests.SystemTests\Tests.SystemTests.csproj", "{7B9AC523-FE84-44A1-964B-EF6BE8CC18EF}"
EndProject
Project("{FAE04EC0-301F-11D3-BF4B-00C04F79EFBC}") = "TestClient.M2M", "TestClient.M2M\TestClient.M2M.csproj", "{0F040A26-E5BB-46F1-A26B-2710BA424361}"
EndProject
Global
	GlobalSection(SolutionConfigurationPlatforms) = preSolution
		Debug|Any CPU = Debug|Any CPU
		Debug|x64 = Debug|x64
		Debug|x86 = Debug|x86
		Release|Any CPU = Release|Any CPU
		Release|x64 = Release|x64
		Release|x86 = Release|x86
	EndGlobalSection
	GlobalSection(ProjectConfigurationPlatforms) = postSolution
		{F463D92C-D139-49B1-B837-36A726A3006D}.Debug|Any CPU.ActiveCfg = Debug|Any CPU
		{F463D92C-D139-49B1-B837-36A726A3006D}.Debug|Any CPU.Build.0 = Debug|Any CPU
		{F463D92C-D139-49B1-B837-36A726A3006D}.Debug|x64.ActiveCfg = Debug|Any CPU
		{F463D92C-D139-49B1-B837-36A726A3006D}.Debug|x64.Build.0 = Debug|Any CPU
		{F463D92C-D139-49B1-B837-36A726A3006D}.Debug|x86.ActiveCfg = Debug|Any CPU
		{F463D92C-D139-49B1-B837-36A726A3006D}.Debug|x86.Build.0 = Debug|Any CPU
		{F463D92C-D139-49B1-B837-36A726A3006D}.Release|Any CPU.ActiveCfg = Release|Any CPU
		{F463D92C-D139-49B1-B837-36A726A3006D}.Release|Any CPU.Build.0 = Release|Any CPU
		{F463D92C-D139-49B1-B837-36A726A3006D}.Release|x64.ActiveCfg = Release|Any CPU
		{F463D92C-D139-49B1-B837-36A726A3006D}.Release|x64.Build.0 = Release|Any CPU
		{F463D92C-D139-49B1-B837-36A726A3006D}.Release|x86.ActiveCfg = Release|Any CPU
		{F463D92C-D139-49B1-B837-36A726A3006D}.Release|x86.Build.0 = Release|Any CPU
		{721DB5FB-2088-4646-8267-E29D7FF0F9F2}.Debug|Any CPU.ActiveCfg = Debug|Any CPU
		{721DB5FB-2088-4646-8267-E29D7FF0F9F2}.Debug|Any CPU.Build.0 = Debug|Any CPU
		{721DB5FB-2088-4646-8267-E29D7FF0F9F2}.Debug|x64.ActiveCfg = Debug|Any CPU
		{721DB5FB-2088-4646-8267-E29D7FF0F9F2}.Debug|x64.Build.0 = Debug|Any CPU
		{721DB5FB-2088-4646-8267-E29D7FF0F9F2}.Debug|x86.ActiveCfg = Debug|Any CPU
		{721DB5FB-2088-4646-8267-E29D7FF0F9F2}.Debug|x86.Build.0 = Debug|Any CPU
		{721DB5FB-2088-4646-8267-E29D7FF0F9F2}.Release|Any CPU.ActiveCfg = Release|Any CPU
		{721DB5FB-2088-4646-8267-E29D7FF0F9F2}.Release|Any CPU.Build.0 = Release|Any CPU
		{721DB5FB-2088-4646-8267-E29D7FF0F9F2}.Release|x64.ActiveCfg = Release|Any CPU
		{721DB5FB-2088-4646-8267-E29D7FF0F9F2}.Release|x64.Build.0 = Release|Any CPU
		{721DB5FB-2088-4646-8267-E29D7FF0F9F2}.Release|x86.ActiveCfg = Release|Any CPU
		{721DB5FB-2088-4646-8267-E29D7FF0F9F2}.Release|x86.Build.0 = Release|Any CPU
		{9EC66CFF-AEAC-4D8C-84ED-8CF8060825A0}.Debug|Any CPU.ActiveCfg = Debug|Any CPU
		{9EC66CFF-AEAC-4D8C-84ED-8CF8060825A0}.Debug|Any CPU.Build.0 = Debug|Any CPU
		{9EC66CFF-AEAC-4D8C-84ED-8CF8060825A0}.Debug|x64.ActiveCfg = Debug|Any CPU
		{9EC66CFF-AEAC-4D8C-84ED-8CF8060825A0}.Debug|x64.Build.0 = Debug|Any CPU
		{9EC66CFF-AEAC-4D8C-84ED-8CF8060825A0}.Debug|x86.ActiveCfg = Debug|Any CPU
		{9EC66CFF-AEAC-4D8C-84ED-8CF8060825A0}.Debug|x86.Build.0 = Debug|Any CPU
		{9EC66CFF-AEAC-4D8C-84ED-8CF8060825A0}.Release|Any CPU.ActiveCfg = Release|Any CPU
		{9EC66CFF-AEAC-4D8C-84ED-8CF8060825A0}.Release|Any CPU.Build.0 = Release|Any CPU
		{9EC66CFF-AEAC-4D8C-84ED-8CF8060825A0}.Release|x64.ActiveCfg = Release|Any CPU
		{9EC66CFF-AEAC-4D8C-84ED-8CF8060825A0}.Release|x64.Build.0 = Release|Any CPU
		{9EC66CFF-AEAC-4D8C-84ED-8CF8060825A0}.Release|x86.ActiveCfg = Release|Any CPU
		{9EC66CFF-AEAC-4D8C-84ED-8CF8060825A0}.Release|x86.Build.0 = Release|Any CPU
		{597C050A-B5EE-484B-87CC-DA750FACE370}.Debug|Any CPU.ActiveCfg = Debug|Any CPU
		{597C050A-B5EE-484B-87CC-DA750FACE370}.Debug|Any CPU.Build.0 = Debug|Any CPU
		{597C050A-B5EE-484B-87CC-DA750FACE370}.Debug|x64.ActiveCfg = Debug|Any CPU
		{597C050A-B5EE-484B-87CC-DA750FACE370}.Debug|x64.Build.0 = Debug|Any CPU
		{597C050A-B5EE-484B-87CC-DA750FACE370}.Debug|x86.ActiveCfg = Debug|Any CPU
		{597C050A-B5EE-484B-87CC-DA750FACE370}.Debug|x86.Build.0 = Debug|Any CPU
		{597C050A-B5EE-484B-87CC-DA750FACE370}.Release|Any CPU.ActiveCfg = Release|Any CPU
		{597C050A-B5EE-484B-87CC-DA750FACE370}.Release|Any CPU.Build.0 = Release|Any CPU
		{597C050A-B5EE-484B-87CC-DA750FACE370}.Release|x64.ActiveCfg = Release|Any CPU
		{597C050A-B5EE-484B-87CC-DA750FACE370}.Release|x64.Build.0 = Release|Any CPU
		{597C050A-B5EE-484B-87CC-DA750FACE370}.Release|x86.ActiveCfg = Release|Any CPU
		{597C050A-B5EE-484B-87CC-DA750FACE370}.Release|x86.Build.0 = Release|Any CPU
		{91AD8273-13A9-4A2A-AEA0-94E9D4432F17}.Debug|Any CPU.ActiveCfg = Debug|Any CPU
		{91AD8273-13A9-4A2A-AEA0-94E9D4432F17}.Debug|Any CPU.Build.0 = Debug|Any CPU
		{91AD8273-13A9-4A2A-AEA0-94E9D4432F17}.Debug|x64.ActiveCfg = Debug|Any CPU
		{91AD8273-13A9-4A2A-AEA0-94E9D4432F17}.Debug|x64.Build.0 = Debug|Any CPU
		{91AD8273-13A9-4A2A-AEA0-94E9D4432F17}.Debug|x86.ActiveCfg = Debug|Any CPU
		{91AD8273-13A9-4A2A-AEA0-94E9D4432F17}.Debug|x86.Build.0 = Debug|Any CPU
		{91AD8273-13A9-4A2A-AEA0-94E9D4432F17}.Release|Any CPU.ActiveCfg = Release|Any CPU
		{91AD8273-13A9-4A2A-AEA0-94E9D4432F17}.Release|Any CPU.Build.0 = Release|Any CPU
		{91AD8273-13A9-4A2A-AEA0-94E9D4432F17}.Release|x64.ActiveCfg = Release|Any CPU
		{91AD8273-13A9-4A2A-AEA0-94E9D4432F17}.Release|x64.Build.0 = Release|Any CPU
		{91AD8273-13A9-4A2A-AEA0-94E9D4432F17}.Release|x86.ActiveCfg = Release|Any CPU
		{91AD8273-13A9-4A2A-AEA0-94E9D4432F17}.Release|x86.Build.0 = Release|Any CPU
		{7BD7C1B3-3CAD-41D7-A2BD-8C6BB8979344}.Debug|Any CPU.ActiveCfg = Debug|Any CPU
		{7BD7C1B3-3CAD-41D7-A2BD-8C6BB8979344}.Debug|Any CPU.Build.0 = Debug|Any CPU
		{7BD7C1B3-3CAD-41D7-A2BD-8C6BB8979344}.Debug|x64.ActiveCfg = Debug|Any CPU
		{7BD7C1B3-3CAD-41D7-A2BD-8C6BB8979344}.Debug|x64.Build.0 = Debug|Any CPU
		{7BD7C1B3-3CAD-41D7-A2BD-8C6BB8979344}.Debug|x86.ActiveCfg = Debug|Any CPU
		{7BD7C1B3-3CAD-41D7-A2BD-8C6BB8979344}.Debug|x86.Build.0 = Debug|Any CPU
		{7BD7C1B3-3CAD-41D7-A2BD-8C6BB8979344}.Release|Any CPU.ActiveCfg = Release|Any CPU
		{7BD7C1B3-3CAD-41D7-A2BD-8C6BB8979344}.Release|Any CPU.Build.0 = Release|Any CPU
		{7BD7C1B3-3CAD-41D7-A2BD-8C6BB8979344}.Release|x64.ActiveCfg = Release|Any CPU
		{7BD7C1B3-3CAD-41D7-A2BD-8C6BB8979344}.Release|x64.Build.0 = Release|Any CPU
		{7BD7C1B3-3CAD-41D7-A2BD-8C6BB8979344}.Release|x86.ActiveCfg = Release|Any CPU
		{7BD7C1B3-3CAD-41D7-A2BD-8C6BB8979344}.Release|x86.Build.0 = Release|Any CPU
		{34E14B97-66FB-48D8-8D53-69C1A1DDED73}.Debug|Any CPU.ActiveCfg = Debug|Any CPU
		{34E14B97-66FB-48D8-8D53-69C1A1DDED73}.Debug|Any CPU.Build.0 = Debug|Any CPU
		{34E14B97-66FB-48D8-8D53-69C1A1DDED73}.Debug|x64.ActiveCfg = Debug|Any CPU
		{34E14B97-66FB-48D8-8D53-69C1A1DDED73}.Debug|x64.Build.0 = Debug|Any CPU
		{34E14B97-66FB-48D8-8D53-69C1A1DDED73}.Debug|x86.ActiveCfg = Debug|Any CPU
		{34E14B97-66FB-48D8-8D53-69C1A1DDED73}.Debug|x86.Build.0 = Debug|Any CPU
		{34E14B97-66FB-48D8-8D53-69C1A1DDED73}.Release|Any CPU.ActiveCfg = Release|Any CPU
		{34E14B97-66FB-48D8-8D53-69C1A1DDED73}.Release|Any CPU.Build.0 = Release|Any CPU
		{34E14B97-66FB-48D8-8D53-69C1A1DDED73}.Release|x64.ActiveCfg = Release|Any CPU
		{34E14B97-66FB-48D8-8D53-69C1A1DDED73}.Release|x64.Build.0 = Release|Any CPU
		{34E14B97-66FB-48D8-8D53-69C1A1DDED73}.Release|x86.ActiveCfg = Release|Any CPU
		{34E14B97-66FB-48D8-8D53-69C1A1DDED73}.Release|x86.Build.0 = Release|Any CPU
		{728D369E-AFA2-4B35-A37E-9F5CF39068F0}.Debug|Any CPU.ActiveCfg = Debug|Any CPU
		{728D369E-AFA2-4B35-A37E-9F5CF39068F0}.Debug|Any CPU.Build.0 = Debug|Any CPU
		{728D369E-AFA2-4B35-A37E-9F5CF39068F0}.Debug|x64.ActiveCfg = Debug|Any CPU
		{728D369E-AFA2-4B35-A37E-9F5CF39068F0}.Debug|x64.Build.0 = Debug|Any CPU
		{728D369E-AFA2-4B35-A37E-9F5CF39068F0}.Debug|x86.ActiveCfg = Debug|Any CPU
		{728D369E-AFA2-4B35-A37E-9F5CF39068F0}.Debug|x86.Build.0 = Debug|Any CPU
		{728D369E-AFA2-4B35-A37E-9F5CF39068F0}.Release|Any CPU.ActiveCfg = Release|Any CPU
		{728D369E-AFA2-4B35-A37E-9F5CF39068F0}.Release|Any CPU.Build.0 = Release|Any CPU
		{728D369E-AFA2-4B35-A37E-9F5CF39068F0}.Release|x64.ActiveCfg = Release|Any CPU
		{728D369E-AFA2-4B35-A37E-9F5CF39068F0}.Release|x64.Build.0 = Release|Any CPU
		{728D369E-AFA2-4B35-A37E-9F5CF39068F0}.Release|x86.ActiveCfg = Release|Any CPU
		{728D369E-AFA2-4B35-A37E-9F5CF39068F0}.Release|x86.Build.0 = Release|Any CPU
		{A7053C97-D8E8-4FAC-B522-8F960CBBCE93}.Debug|Any CPU.ActiveCfg = Debug|Any CPU
		{A7053C97-D8E8-4FAC-B522-8F960CBBCE93}.Debug|Any CPU.Build.0 = Debug|Any CPU
		{A7053C97-D8E8-4FAC-B522-8F960CBBCE93}.Debug|x64.ActiveCfg = Debug|Any CPU
		{A7053C97-D8E8-4FAC-B522-8F960CBBCE93}.Debug|x64.Build.0 = Debug|Any CPU
		{A7053C97-D8E8-4FAC-B522-8F960CBBCE93}.Debug|x86.ActiveCfg = Debug|Any CPU
		{A7053C97-D8E8-4FAC-B522-8F960CBBCE93}.Debug|x86.Build.0 = Debug|Any CPU
		{A7053C97-D8E8-4FAC-B522-8F960CBBCE93}.Release|Any CPU.ActiveCfg = Release|Any CPU
		{A7053C97-D8E8-4FAC-B522-8F960CBBCE93}.Release|Any CPU.Build.0 = Release|Any CPU
		{A7053C97-D8E8-4FAC-B522-8F960CBBCE93}.Release|x64.ActiveCfg = Release|Any CPU
		{A7053C97-D8E8-4FAC-B522-8F960CBBCE93}.Release|x64.Build.0 = Release|Any CPU
		{A7053C97-D8E8-4FAC-B522-8F960CBBCE93}.Release|x86.ActiveCfg = Release|Any CPU
		{A7053C97-D8E8-4FAC-B522-8F960CBBCE93}.Release|x86.Build.0 = Release|Any CPU
		{8499F8EA-CEBC-4F9B-AEEE-1A000667E966}.Debug|Any CPU.ActiveCfg = Debug|Any CPU
		{8499F8EA-CEBC-4F9B-AEEE-1A000667E966}.Debug|Any CPU.Build.0 = Debug|Any CPU
		{8499F8EA-CEBC-4F9B-AEEE-1A000667E966}.Debug|x64.ActiveCfg = Debug|Any CPU
		{8499F8EA-CEBC-4F9B-AEEE-1A000667E966}.Debug|x64.Build.0 = Debug|Any CPU
		{8499F8EA-CEBC-4F9B-AEEE-1A000667E966}.Debug|x86.ActiveCfg = Debug|Any CPU
		{8499F8EA-CEBC-4F9B-AEEE-1A000667E966}.Debug|x86.Build.0 = Debug|Any CPU
		{8499F8EA-CEBC-4F9B-AEEE-1A000667E966}.Release|Any CPU.ActiveCfg = Release|Any CPU
		{8499F8EA-CEBC-4F9B-AEEE-1A000667E966}.Release|Any CPU.Build.0 = Release|Any CPU
		{8499F8EA-CEBC-4F9B-AEEE-1A000667E966}.Release|x64.ActiveCfg = Release|Any CPU
		{8499F8EA-CEBC-4F9B-AEEE-1A000667E966}.Release|x64.Build.0 = Release|Any CPU
		{8499F8EA-CEBC-4F9B-AEEE-1A000667E966}.Release|x86.ActiveCfg = Release|Any CPU
		{8499F8EA-CEBC-4F9B-AEEE-1A000667E966}.Release|x86.Build.0 = Release|Any CPU
		{602A5E88-4F7D-489E-88DA-51DCB4970CCB}.Debug|Any CPU.ActiveCfg = Debug|Any CPU
		{602A5E88-4F7D-489E-88DA-51DCB4970CCB}.Debug|Any CPU.Build.0 = Debug|Any CPU
		{602A5E88-4F7D-489E-88DA-51DCB4970CCB}.Debug|x64.ActiveCfg = Debug|Any CPU
		{602A5E88-4F7D-489E-88DA-51DCB4970CCB}.Debug|x64.Build.0 = Debug|Any CPU
		{602A5E88-4F7D-489E-88DA-51DCB4970CCB}.Debug|x86.ActiveCfg = Debug|Any CPU
		{602A5E88-4F7D-489E-88DA-51DCB4970CCB}.Debug|x86.Build.0 = Debug|Any CPU
		{602A5E88-4F7D-489E-88DA-51DCB4970CCB}.Release|Any CPU.ActiveCfg = Release|Any CPU
		{602A5E88-4F7D-489E-88DA-51DCB4970CCB}.Release|Any CPU.Build.0 = Release|Any CPU
		{602A5E88-4F7D-489E-88DA-51DCB4970CCB}.Release|x64.ActiveCfg = Release|Any CPU
		{602A5E88-4F7D-489E-88DA-51DCB4970CCB}.Release|x64.Build.0 = Release|Any CPU
		{602A5E88-4F7D-489E-88DA-51DCB4970CCB}.Release|x86.ActiveCfg = Release|Any CPU
		{602A5E88-4F7D-489E-88DA-51DCB4970CCB}.Release|x86.Build.0 = Release|Any CPU
		{3C4EA71B-C644-43D0-9C9C-3253DBD48C0A}.Debug|Any CPU.ActiveCfg = Debug|Any CPU
		{3C4EA71B-C644-43D0-9C9C-3253DBD48C0A}.Debug|Any CPU.Build.0 = Debug|Any CPU
		{3C4EA71B-C644-43D0-9C9C-3253DBD48C0A}.Debug|x64.ActiveCfg = Debug|Any CPU
		{3C4EA71B-C644-43D0-9C9C-3253DBD48C0A}.Debug|x64.Build.0 = Debug|Any CPU
		{3C4EA71B-C644-43D0-9C9C-3253DBD48C0A}.Debug|x86.ActiveCfg = Debug|Any CPU
		{3C4EA71B-C644-43D0-9C9C-3253DBD48C0A}.Debug|x86.Build.0 = Debug|Any CPU
		{3C4EA71B-C644-43D0-9C9C-3253DBD48C0A}.Release|Any CPU.ActiveCfg = Release|Any CPU
		{3C4EA71B-C644-43D0-9C9C-3253DBD48C0A}.Release|Any CPU.Build.0 = Release|Any CPU
		{3C4EA71B-C644-43D0-9C9C-3253DBD48C0A}.Release|x64.ActiveCfg = Release|Any CPU
		{3C4EA71B-C644-43D0-9C9C-3253DBD48C0A}.Release|x64.Build.0 = Release|Any CPU
		{3C4EA71B-C644-43D0-9C9C-3253DBD48C0A}.Release|x86.ActiveCfg = Release|Any CPU
		{3C4EA71B-C644-43D0-9C9C-3253DBD48C0A}.Release|x86.Build.0 = Release|Any CPU
		{7B9AC523-FE84-44A1-964B-EF6BE8CC18EF}.Debug|Any CPU.ActiveCfg = Debug|Any CPU
		{7B9AC523-FE84-44A1-964B-EF6BE8CC18EF}.Debug|Any CPU.Build.0 = Debug|Any CPU
		{7B9AC523-FE84-44A1-964B-EF6BE8CC18EF}.Debug|x64.ActiveCfg = Debug|Any CPU
		{7B9AC523-FE84-44A1-964B-EF6BE8CC18EF}.Debug|x64.Build.0 = Debug|Any CPU
		{7B9AC523-FE84-44A1-964B-EF6BE8CC18EF}.Debug|x86.ActiveCfg = Debug|Any CPU
		{7B9AC523-FE84-44A1-964B-EF6BE8CC18EF}.Debug|x86.Build.0 = Debug|Any CPU
		{7B9AC523-FE84-44A1-964B-EF6BE8CC18EF}.Release|Any CPU.ActiveCfg = Release|Any CPU
		{7B9AC523-FE84-44A1-964B-EF6BE8CC18EF}.Release|Any CPU.Build.0 = Release|Any CPU
		{7B9AC523-FE84-44A1-964B-EF6BE8CC18EF}.Release|x64.ActiveCfg = Release|Any CPU
		{7B9AC523-FE84-44A1-964B-EF6BE8CC18EF}.Release|x64.Build.0 = Release|Any CPU
		{7B9AC523-FE84-44A1-964B-EF6BE8CC18EF}.Release|x86.ActiveCfg = Release|Any CPU
		{7B9AC523-FE84-44A1-964B-EF6BE8CC18EF}.Release|x86.Build.0 = Release|Any CPU
		{0F040A26-E5BB-46F1-A26B-2710BA424361}.Debug|Any CPU.ActiveCfg = Debug|Any CPU
		{0F040A26-E5BB-46F1-A26B-2710BA424361}.Debug|Any CPU.Build.0 = Debug|Any CPU
		{0F040A26-E5BB-46F1-A26B-2710BA424361}.Debug|x64.ActiveCfg = Debug|Any CPU
		{0F040A26-E5BB-46F1-A26B-2710BA424361}.Debug|x64.Build.0 = Debug|Any CPU
		{0F040A26-E5BB-46F1-A26B-2710BA424361}.Debug|x86.ActiveCfg = Debug|Any CPU
		{0F040A26-E5BB-46F1-A26B-2710BA424361}.Debug|x86.Build.0 = Debug|Any CPU
		{0F040A26-E5BB-46F1-A26B-2710BA424361}.Release|Any CPU.ActiveCfg = Release|Any CPU
		{0F040A26-E5BB-46F1-A26B-2710BA424361}.Release|Any CPU.Build.0 = Release|Any CPU
		{0F040A26-E5BB-46F1-A26B-2710BA424361}.Release|x64.ActiveCfg = Release|Any CPU
		{0F040A26-E5BB-46F1-A26B-2710BA424361}.Release|x64.Build.0 = Release|Any CPU
		{0F040A26-E5BB-46F1-A26B-2710BA424361}.Release|x86.ActiveCfg = Release|Any CPU
		{0F040A26-E5BB-46F1-A26B-2710BA424361}.Release|x86.Build.0 = Release|Any CPU
	EndGlobalSection
	GlobalSection(SolutionProperties) = preSolution
		HideSolutionNode = FALSE
	EndGlobalSection
EndGlobal
